
Microsoft Visual Studio Solution File, Format Version 12.00
# Visual Studio 2013
VisualStudioVersion = 12.0.31101.0
MinimumVisualStudioVersion = 10.0.40219.1
Project("{2150E333-8FDC-42A3-9474-1A3956D46DE8}") = "Solution Items", "Solution Items", "{8B0118C0-D388-4F6C-8379-36ACD3F4D4E9}"
	ProjectSection(SolutionItems) = preProject
		LocalTestRun.testrunconfig = LocalTestRun.testrunconfig
		Poing2.vsmdi = Poing2.vsmdi
	EndProjectSection
EndProject
Project("{FAE04EC0-301F-11D3-BF4B-00C04F79EFBC}") = "BASeBlock", "Poing2\BASeBlock.csproj", "{7CC30E5A-7187-4822-B94F-63DE980446BA}"
EndProject
Project("{FAE04EC0-301F-11D3-BF4B-00C04F79EFBC}") = "BBlocktests", "BBlocktests\BBlocktests.csproj", "{B991D056-5227-430B-B7FB-B57785559BFA}"
EndProject
Project("{FAE04EC0-301F-11D3-BF4B-00C04F79EFBC}") = "BCUpdateLib", "..\BCUpdateLib\BCUpdateLib.csproj", "{C40AAD74-B465-449D-B953-1EF23374A45B}"
EndProject
Project("{FAE04EC0-301F-11D3-BF4B-00C04F79EFBC}") = "ProductKeyGenerator", "ProductKeyGenerator\ProductKeyGenerator.csproj", "{986B3DB4-269B-4D43-AD3F-D73C9AF8DE68}"
EndProject
Project("{FAE04EC0-301F-11D3-BF4B-00C04F79EFBC}") = "Elementizer", "XMLSerialization\Elementizer.csproj", "{850A1563-AC23-4B60-BBCF-503B2BB69547}"
EndProject
Global
	GlobalSection(SolutionConfigurationPlatforms) = preSolution
		Debug|Any CPU = Debug|Any CPU
		Debug|Mixed Platforms = Debug|Mixed Platforms
		Debug|x86 = Debug|x86
		Release|Any CPU = Release|Any CPU
		Release|Mixed Platforms = Release|Mixed Platforms
		Release|x86 = Release|x86
	EndGlobalSection
	GlobalSection(ProjectConfigurationPlatforms) = postSolution
		{7CC30E5A-7187-4822-B94F-63DE980446BA}.Debug|Any CPU.ActiveCfg = Debug|Any CPU
		{7CC30E5A-7187-4822-B94F-63DE980446BA}.Debug|Any CPU.Build.0 = Debug|Any CPU
		{7CC30E5A-7187-4822-B94F-63DE980446BA}.Debug|Mixed Platforms.ActiveCfg = Debug|Any CPU
		{7CC30E5A-7187-4822-B94F-63DE980446BA}.Debug|Mixed Platforms.Build.0 = Debug|Any CPU
		{7CC30E5A-7187-4822-B94F-63DE980446BA}.Debug|x86.ActiveCfg = Debug|Any CPU
		{7CC30E5A-7187-4822-B94F-63DE980446BA}.Release|Any CPU.ActiveCfg = Release|Any CPU
		{7CC30E5A-7187-4822-B94F-63DE980446BA}.Release|Any CPU.Build.0 = Release|Any CPU
		{7CC30E5A-7187-4822-B94F-63DE980446BA}.Release|Mixed Platforms.ActiveCfg = Release|Any CPU
		{7CC30E5A-7187-4822-B94F-63DE980446BA}.Release|Mixed Platforms.Build.0 = Release|Any CPU
		{7CC30E5A-7187-4822-B94F-63DE980446BA}.Release|x86.ActiveCfg = Release|Any CPU
		{B991D056-5227-430B-B7FB-B57785559BFA}.Debug|Any CPU.ActiveCfg = Debug|Any CPU
		{B991D056-5227-430B-B7FB-B57785559BFA}.Debug|Any CPU.Build.0 = Debug|Any CPU
		{B991D056-5227-430B-B7FB-B57785559BFA}.Debug|Mixed Platforms.ActiveCfg = Debug|Any CPU
		{B991D056-5227-430B-B7FB-B57785559BFA}.Debug|Mixed Platforms.Build.0 = Debug|Any CPU
		{B991D056-5227-430B-B7FB-B57785559BFA}.Debug|x86.ActiveCfg = Debug|Any CPU
		{B991D056-5227-430B-B7FB-B57785559BFA}.Release|Any CPU.ActiveCfg = Release|Any CPU
		{B991D056-5227-430B-B7FB-B57785559BFA}.Release|Mixed Platforms.ActiveCfg = Release|Any CPU
		{B991D056-5227-430B-B7FB-B57785559BFA}.Release|Mixed Platforms.Build.0 = Release|Any CPU
		{B991D056-5227-430B-B7FB-B57785559BFA}.Release|x86.ActiveCfg = Release|Any CPU
		{C40AAD74-B465-449D-B953-1EF23374A45B}.Debug|Any CPU.ActiveCfg = Debug|Any CPU
		{C40AAD74-B465-449D-B953-1EF23374A45B}.Debug|Any CPU.Build.0 = Debug|Any CPU
		{C40AAD74-B465-449D-B953-1EF23374A45B}.Debug|Mixed Platforms.ActiveCfg = Debug|Any CPU
		{C40AAD74-B465-449D-B953-1EF23374A45B}.Debug|Mixed Platforms.Build.0 = Debug|Any CPU
		{C40AAD74-B465-449D-B953-1EF23374A45B}.Debug|x86.ActiveCfg = Debug|Any CPU
		{C40AAD74-B465-449D-B953-1EF23374A45B}.Release|Any CPU.ActiveCfg = Release|Any CPU
		{C40AAD74-B465-449D-B953-1EF23374A45B}.Release|Any CPU.Build.0 = Release|Any CPU
		{C40AAD74-B465-449D-B953-1EF23374A45B}.Release|Mixed Platforms.ActiveCfg = Release|Any CPU
		{C40AAD74-B465-449D-B953-1EF23374A45B}.Release|Mixed Platforms.Build.0 = Release|Any CPU
		{C40AAD74-B465-449D-B953-1EF23374A45B}.Release|x86.ActiveCfg = Release|Any CPU
		{986B3DB4-269B-4D43-AD3F-D73C9AF8DE68}.Debug|Any CPU.ActiveCfg = Debug|Any CPU
		{986B3DB4-269B-4D43-AD3F-D73C9AF8DE68}.Debug|Any CPU.Build.0 = Debug|Any CPU
		{986B3DB4-269B-4D43-AD3F-D73C9AF8DE68}.Debug|Mixed Platforms.ActiveCfg = Debug|Any CPU
		{986B3DB4-269B-4D43-AD3F-D73C9AF8DE68}.Debug|Mixed Platforms.Build.0 = Debug|Any CPU
		{986B3DB4-269B-4D43-AD3F-D73C9AF8DE68}.Debug|x86.ActiveCfg = Debug|Any CPU
		{986B3DB4-269B-4D43-AD3F-D73C9AF8DE68}.Release|Any CPU.ActiveCfg = Release|Any CPU
		{986B3DB4-269B-4D43-AD3F-D73C9AF8DE68}.Release|Any CPU.Build.0 = Release|Any CPU
		{986B3DB4-269B-4D43-AD3F-D73C9AF8DE68}.Release|Mixed Platforms.ActiveCfg = Release|Any CPU
		{986B3DB4-269B-4D43-AD3F-D73C9AF8DE68}.Release|Mixed Platforms.Build.0 = Release|Any CPU
		{986B3DB4-269B-4D43-AD3F-D73C9AF8DE68}.Release|x86.ActiveCfg = Release|Any CPU
		{850A1563-AC23-4B60-BBCF-503B2BB69547}.Debug|Any CPU.ActiveCfg = Debug|Any CPU
		{850A1563-AC23-4B60-BBCF-503B2BB69547}.Debug|Any CPU.Build.0 = Debug|Any CPU
		{850A1563-AC23-4B60-BBCF-503B2BB69547}.Debug|Mixed Platforms.ActiveCfg = Debug|Any CPU
		{850A1563-AC23-4B60-BBCF-503B2BB69547}.Debug|Mixed Platforms.Build.0 = Debug|Any CPU
		{850A1563-AC23-4B60-BBCF-503B2BB69547}.Debug|x86.ActiveCfg = Debug|Any CPU
		{850A1563-AC23-4B60-BBCF-503B2BB69547}.Release|Any CPU.ActiveCfg = Release|Any CPU
		{850A1563-AC23-4B60-BBCF-503B2BB69547}.Release|Any CPU.Build.0 = Release|Any CPU
		{850A1563-AC23-4B60-BBCF-503B2BB69547}.Release|Mixed Platforms.ActiveCfg = Release|Any CPU
		{850A1563-AC23-4B60-BBCF-503B2BB69547}.Release|Mixed Platforms.Build.0 = Release|Any CPU
		{850A1563-AC23-4B60-BBCF-503B2BB69547}.Release|x86.ActiveCfg = Release|Any CPU
	EndGlobalSection
	GlobalSection(SolutionProperties) = preSolution
		HideSolutionNode = FALSE
	EndGlobalSection
	GlobalSection(TestCaseManagementSettings) = postSolution
		CategoryFile = Poing2.vsmdi
	EndGlobalSection
	GlobalSection(MonoDevelopProperties) = preSolution
		StartupItem = Poing2\BASeBlock.csproj
		Policies = $0
		$0.StandardHeader = $1
		$1.Text = 
		$1.inheritsSet = Apache2License
	EndGlobalSection
EndGlobal
